
Microsoft Visual Studio Solution File, Format Version 12.00
# Visual Studio Version 17
VisualStudioVersion = 17.0.32112.339
MinimumVisualStudioVersion = 10.0.40219.1
Project("{2150E333-8FDC-42A3-9474-1A3956D46DE8}") = "Microservices", "Microservices", "{535B39CE-A05E-471E-927B-DB4E09B38027}"
EndProject
Project("{2150E333-8FDC-42A3-9474-1A3956D46DE8}") = "Product", "Product", "{66A01468-AD9C-4966-9069-EC0AD455266B}"
EndProject
Project("{2150E333-8FDC-42A3-9474-1A3956D46DE8}") = "Core", "Core", "{B979DFF2-4163-4878-B133-93ACA6E75D30}"
EndProject
Project("{2150E333-8FDC-42A3-9474-1A3956D46DE8}") = "Infrastructure", "Infrastructure", "{61E70DA5-738B-463F-8C51-B28DF4F99380}"
EndProject
Project("{2150E333-8FDC-42A3-9474-1A3956D46DE8}") = "Presentation", "Presentation", "{F2329973-F9D4-4702-BA03-5F8940A8F42E}"
EndProject
Project("{9A19103F-16F7-4668-BE54-9A1E7A4F7556}") = "Product.Domain", "Domain\Product.Domain.csproj", "{46A9C96C-192A-46D6-8113-642B4F2477BC}"
EndProject
Project("{9A19103F-16F7-4668-BE54-9A1E7A4F7556}") = "Product.Application", "Application\Product.Application.csproj", "{BDB75AF6-7124-4E7A-A59F-C7FD426F4982}"
EndProject
Project("{9A19103F-16F7-4668-BE54-9A1E7A4F7556}") = "Product.Persistence", "Persistence\Product.Persistence.csproj", "{B5028EB4-6A63-4B1B-B8D9-4A8264E238F2}"
EndProject
Project("{9A19103F-16F7-4668-BE54-9A1E7A4F7556}") = "Product.Microservice.WebApi", "Product.Microservice.WebApi\Product.Microservice.WebApi.csproj", "{F99F9885-93E1-4DA0-8695-410DDF26106A}"
EndProject
Project("{9A19103F-16F7-4668-BE54-9A1E7A4F7556}") = "Geteway.WebApi", "Getway.WebApi\Geteway.WebApi.csproj", "{FDB2B1FC-A994-4687-9F82-3A1680519DCE}"
EndProject
Project("{2150E333-8FDC-42A3-9474-1A3956D46DE8}") = "Order", "Order", "{83664464-9038-40CD-B8C4-4F8B31A79C47}"
EndProject
Project("{2150E333-8FDC-42A3-9474-1A3956D46DE8}") = "Core", "Core", "{216A1B87-031B-4820-910A-7ACAFB567AA8}"
EndProject
Project("{2150E333-8FDC-42A3-9474-1A3956D46DE8}") = "Infrastructure", "Infrastructure", "{13EDB40E-1DEF-4964-8A13-205444D8DE99}"
EndProject
Project("{2150E333-8FDC-42A3-9474-1A3956D46DE8}") = "Presentation", "Presentation", "{F81DCC52-3D20-44A4-A231-A04EE1836481}"
EndProject
Project("{9A19103F-16F7-4668-BE54-9A1E7A4F7556}") = "Order.Domain", "Order.Domain\Order.Domain.csproj", "{2AA16348-97DD-487D-A9CC-53834A47A04B}"
EndProject
Project("{9A19103F-16F7-4668-BE54-9A1E7A4F7556}") = "Order.Application", "Order.Application\Order.Application.csproj", "{4D2D65CB-88AA-4A64-82E7-52D35861FC58}"
EndProject
Project("{9A19103F-16F7-4668-BE54-9A1E7A4F7556}") = "Order.Persistence", "Order.Persistence\Order.Persistence.csproj", "{8457D817-94E0-4552-A4D8-FFCDC3D3A656}"
EndProject
Project("{9A19103F-16F7-4668-BE54-9A1E7A4F7556}") = "Order.Microservice.WebApi", "Order.Microservice.WebApi\Order.Microservice.WebApi.csproj", "{498AFE58-18FD-404A-8A7D-5CE7564E84A7}"
EndProject
Project("{2150E333-8FDC-42A3-9474-1A3956D46DE8}") = "Shared", "Shared", "{C72C65A0-4EEA-430F-99DC-DD6AEA5EED43}"
EndProject
Project("{FAE04EC0-301F-11D3-BF4B-00C04F79EFBC}") = "Shared.Model", "Shared.Model\Shared.Model.csproj", "{6CDD64AA-0C20-4BE1-950C-60837C597BE1}"
EndProject
Global
	GlobalSection(SolutionConfigurationPlatforms) = preSolution
		Debug|Any CPU = Debug|Any CPU
		Release|Any CPU = Release|Any CPU
	EndGlobalSection
	GlobalSection(ProjectConfigurationPlatforms) = postSolution
		{46A9C96C-192A-46D6-8113-642B4F2477BC}.Debug|Any CPU.ActiveCfg = Debug|Any CPU
		{46A9C96C-192A-46D6-8113-642B4F2477BC}.Debug|Any CPU.Build.0 = Debug|Any CPU
		{46A9C96C-192A-46D6-8113-642B4F2477BC}.Release|Any CPU.ActiveCfg = Release|Any CPU
		{46A9C96C-192A-46D6-8113-642B4F2477BC}.Release|Any CPU.Build.0 = Release|Any CPU
		{BDB75AF6-7124-4E7A-A59F-C7FD426F4982}.Debug|Any CPU.ActiveCfg = Debug|Any CPU
		{BDB75AF6-7124-4E7A-A59F-C7FD426F4982}.Debug|Any CPU.Build.0 = Debug|Any CPU
		{BDB75AF6-7124-4E7A-A59F-C7FD426F4982}.Release|Any CPU.ActiveCfg = Release|Any CPU
		{BDB75AF6-7124-4E7A-A59F-C7FD426F4982}.Release|Any CPU.Build.0 = Release|Any CPU
		{B5028EB4-6A63-4B1B-B8D9-4A8264E238F2}.Debug|Any CPU.ActiveCfg = Debug|Any CPU
		{B5028EB4-6A63-4B1B-B8D9-4A8264E238F2}.Debug|Any CPU.Build.0 = Debug|Any CPU
		{B5028EB4-6A63-4B1B-B8D9-4A8264E238F2}.Release|Any CPU.ActiveCfg = Release|Any CPU
		{B5028EB4-6A63-4B1B-B8D9-4A8264E238F2}.Release|Any CPU.Build.0 = Release|Any CPU
		{F99F9885-93E1-4DA0-8695-410DDF26106A}.Debug|Any CPU.ActiveCfg = Debug|Any CPU
		{F99F9885-93E1-4DA0-8695-410DDF26106A}.Debug|Any CPU.Build.0 = Debug|Any CPU
		{F99F9885-93E1-4DA0-8695-410DDF26106A}.Release|Any CPU.ActiveCfg = Release|Any CPU
		{F99F9885-93E1-4DA0-8695-410DDF26106A}.Release|Any CPU.Build.0 = Release|Any CPU
		{FDB2B1FC-A994-4687-9F82-3A1680519DCE}.Debug|Any CPU.ActiveCfg = Debug|Any CPU
		{FDB2B1FC-A994-4687-9F82-3A1680519DCE}.Debug|Any CPU.Build.0 = Debug|Any CPU
		{FDB2B1FC-A994-4687-9F82-3A1680519DCE}.Release|Any CPU.ActiveCfg = Release|Any CPU
		{FDB2B1FC-A994-4687-9F82-3A1680519DCE}.Release|Any CPU.Build.0 = Release|Any CPU
		{2AA16348-97DD-487D-A9CC-53834A47A04B}.Debug|Any CPU.ActiveCfg = Debug|Any CPU
		{2AA16348-97DD-487D-A9CC-53834A47A04B}.Debug|Any CPU.Build.0 = Debug|Any CPU
		{2AA16348-97DD-487D-A9CC-53834A47A04B}.Release|Any CPU.ActiveCfg = Release|Any CPU
		{2AA16348-97DD-487D-A9CC-53834A47A04B}.Release|Any CPU.Build.0 = Release|Any CPU
		{4D2D65CB-88AA-4A64-82E7-52D35861FC58}.Debug|Any CPU.ActiveCfg = Debug|Any CPU
		{4D2D65CB-88AA-4A64-82E7-52D35861FC58}.Debug|Any CPU.Build.0 = Debug|Any CPU
		{4D2D65CB-88AA-4A64-82E7-52D35861FC58}.Release|Any CPU.ActiveCfg = Release|Any CPU
		{4D2D65CB-88AA-4A64-82E7-52D35861FC58}.Release|Any CPU.Build.0 = Release|Any CPU
		{8457D817-94E0-4552-A4D8-FFCDC3D3A656}.Debug|Any CPU.ActiveCfg = Debug|Any CPU
		{8457D817-94E0-4552-A4D8-FFCDC3D3A656}.Debug|Any CPU.Build.0 = Debug|Any CPU
		{8457D817-94E0-4552-A4D8-FFCDC3D3A656}.Release|Any CPU.ActiveCfg = Release|Any CPU
		{8457D817-94E0-4552-A4D8-FFCDC3D3A656}.Release|Any CPU.Build.0 = Release|Any CPU
		{498AFE58-18FD-404A-8A7D-5CE7564E84A7}.Debug|Any CPU.ActiveCfg = Debug|Any CPU
		{498AFE58-18FD-404A-8A7D-5CE7564E84A7}.Debug|Any CPU.Build.0 = Debug|Any CPU
		{498AFE58-18FD-404A-8A7D-5CE7564E84A7}.Release|Any CPU.ActiveCfg = Release|Any CPU
		{498AFE58-18FD-404A-8A7D-5CE7564E84A7}.Release|Any CPU.Build.0 = Release|Any CPU
		{6CDD64AA-0C20-4BE1-950C-60837C597BE1}.Debug|Any CPU.ActiveCfg = Debug|Any CPU
		{6CDD64AA-0C20-4BE1-950C-60837C597BE1}.Debug|Any CPU.Build.0 = Debug|Any CPU
		{6CDD64AA-0C20-4BE1-950C-60837C597BE1}.Release|Any CPU.ActiveCfg = Release|Any CPU
		{6CDD64AA-0C20-4BE1-950C-60837C597BE1}.Release|Any CPU.Build.0 = Release|Any CPU
	EndGlobalSection
	GlobalSection(SolutionProperties) = preSolution
		HideSolutionNode = FALSE
	EndGlobalSection
	GlobalSection(NestedProjects) = preSolution
		{66A01468-AD9C-4966-9069-EC0AD455266B} = {535B39CE-A05E-471E-927B-DB4E09B38027}
		{B979DFF2-4163-4878-B133-93ACA6E75D30} = {66A01468-AD9C-4966-9069-EC0AD455266B}
		{61E70DA5-738B-463F-8C51-B28DF4F99380} = {66A01468-AD9C-4966-9069-EC0AD455266B}
		{F2329973-F9D4-4702-BA03-5F8940A8F42E} = {66A01468-AD9C-4966-9069-EC0AD455266B}
		{46A9C96C-192A-46D6-8113-642B4F2477BC} = {B979DFF2-4163-4878-B133-93ACA6E75D30}
		{BDB75AF6-7124-4E7A-A59F-C7FD426F4982} = {B979DFF2-4163-4878-B133-93ACA6E75D30}
		{B5028EB4-6A63-4B1B-B8D9-4A8264E238F2} = {61E70DA5-738B-463F-8C51-B28DF4F99380}
		{F99F9885-93E1-4DA0-8695-410DDF26106A} = {F2329973-F9D4-4702-BA03-5F8940A8F42E}
		{83664464-9038-40CD-B8C4-4F8B31A79C47} = {535B39CE-A05E-471E-927B-DB4E09B38027}
		{216A1B87-031B-4820-910A-7ACAFB567AA8} = {83664464-9038-40CD-B8C4-4F8B31A79C47}
		{13EDB40E-1DEF-4964-8A13-205444D8DE99} = {83664464-9038-40CD-B8C4-4F8B31A79C47}
		{F81DCC52-3D20-44A4-A231-A04EE1836481} = {83664464-9038-40CD-B8C4-4F8B31A79C47}
		{2AA16348-97DD-487D-A9CC-53834A47A04B} = {216A1B87-031B-4820-910A-7ACAFB567AA8}
		{4D2D65CB-88AA-4A64-82E7-52D35861FC58} = {216A1B87-031B-4820-910A-7ACAFB567AA8}
		{8457D817-94E0-4552-A4D8-FFCDC3D3A656} = {13EDB40E-1DEF-4964-8A13-205444D8DE99}
		{498AFE58-18FD-404A-8A7D-5CE7564E84A7} = {F81DCC52-3D20-44A4-A231-A04EE1836481}
		{C72C65A0-4EEA-430F-99DC-DD6AEA5EED43} = {535B39CE-A05E-471E-927B-DB4E09B38027}
		{6CDD64AA-0C20-4BE1-950C-60837C597BE1} = {C72C65A0-4EEA-430F-99DC-DD6AEA5EED43}
	EndGlobalSection
	GlobalSection(ExtensibilityGlobals) = postSolution
		SolutionGuid = {1AF9226A-6DAA-42F1-B655-C49610971AD9}
	EndGlobalSection
EndGlobal
